{
  "name": "zddashboard",
  "lockfileVersion": 3,
  "requires": true,
  "packages": {
    "": {
      "dependencies": {
        "plotly.js-dist": "^2.26.2"
      }
    },
    "node_modules/plotly.js-dist": {
      "version": "2.26.2",
      "resolved": "https://registry.npmjs.org/plotly.js-dist/-/plotly.js-dist-2.26.2.tgz",
      "integrity": "sha512-+edkDnFarCZxm+hHTRZfEs5GVUf+eNU9dfOR4jEfRC70T9K3ibsdTRRaYktdakomzyuOz8q2kHKon9llOArBGw=="
    }
  }
}
